// !$*UTF8*$!
{
	archiveVersion = 1;
	classes = {
	};
	objectVersion = 56;
	objects = {

/* Begin PBXBuildFile section */
		04E48CE12AB1AB19007E8B61 /* To_DoApp.swift in Sources */ = {isa = PBXBuildFile; fileRef = 04E48CE02AB1AB19007E8B61 /* To_DoApp.swift */; };
		04E48CE32AB1AB19007E8B61 /* ContentView.swift in Sources */ = {isa = PBXBuildFile; fileRef = 04E48CE22AB1AB19007E8B61 /* ContentView.swift */; };
		04E48CE52AB1AB1A007E8B61 /* Assets.xcassets in Resources */ = {isa = PBXBuildFile; fileRef = 04E48CE42AB1AB1A007E8B61 /* Assets.xcassets */; };
		04E48CE92AB1AB1A007E8B61 /* Preview Assets.xcassets in Resources */ = {isa = PBXBuildFile; fileRef = 04E48CE82AB1AB1A007E8B61 /* Preview Assets.xcassets */; };
		04E48CF32AB1AB1A007E8B61 /* To_DoTests.swift in Sources */ = {isa = PBXBuildFile; fileRef = 04E48CF22AB1AB1A007E8B61 /* To_DoTests.swift */; };
		04E48CFD2AB1AB1A007E8B61 /* To_DoUITests.swift in Sources */ = {isa = PBXBuildFile; fileRef = 04E48CFC2AB1AB1A007E8B61 /* To_DoUITests.swift */; };
		04E48CFF2AB1AB1A007E8B61 /* To_DoUITestsLaunchTests.swift in Sources */ = {isa = PBXBuildFile; fileRef = 04E48CFE2AB1AB1A007E8B61 /* To_DoUITestsLaunchTests.swift */; };
/* End PBXBuildFile section */

/* Begin PBXContainerItemProxy section */
		04E48CEF2AB1AB1A007E8B61 /* PBXContainerItemProxy */ = {
			isa = PBXContainerItemProxy;
			containerPortal = 04E48CD52AB1AB19007E8B61 /* Project object */;
			proxyType = 1;
			remoteGlobalIDString = 04E48CDC2AB1AB19007E8B61;
			remoteInfo = "To Do";
		};
		04E48CF92AB1AB1A007E8B61 /* PBXContainerItemProxy */ = {
			isa = PBXContainerItemProxy;
			containerPortal = 04E48CD52AB1AB19007E8B61 /* Project object */;
			proxyType = 1;
			remoteGlobalIDString = 04E48CDC2AB1AB19007E8B61;
			remoteInfo = "To Do";
		};
/* End PBXContainerItemProxy section */

/* Begin PBXFileReference section */
		04E48CDD2AB1AB19007E8B61 /* To Do.app */ = {isa = PBXFileReference; explicitFileType = wrapper.application; includeInIndex = 0; path = "To Do.app"; sourceTree = BUILT_PRODUCTS_DIR; };
		04E48CE02AB1AB19007E8B61 /* To_DoApp.swift */ = {isa = PBXFileReference; lastKnownFileType = sourcecode.swift; path = To_DoApp.swift; sourceTree = "<group>"; };
		04E48CE22AB1AB19007E8B61 /* ContentView.swift */ = {isa = PBXFileReference; lastKnownFileType = sourcecode.swift; path = ContentView.swift; sourceTree = "<group>"; };
		04E48CE42AB1AB1A007E8B61 /* Assets.xcassets */ = {isa = PBXFileReference; lastKnownFileType = folder.assetcatalog; path = Assets.xcassets; sourceTree = "<group>"; };
		04E48CE62AB1AB1A007E8B61 /* To_Do.entitlements */ = {isa = PBXFileReference; lastKnownFileType = text.plist.entitlements; path = To_Do.entitlements; sourceTree = "<group>"; };
		04E48CE82AB1AB1A007E8B61 /* Preview Assets.xcassets */ = {isa = PBXFileReference; lastKnownFileType = folder.assetcatalog; path = "Preview Assets.xcassets"; sourceTree = "<group>"; };
		04E48CEE2AB1AB1A007E8B61 /* To DoTests.xctest */ = {isa = PBXFileReference; explicitFileType = wrapper.cfbundle; includeInIndex = 0; path = "To DoTests.xctest"; sourceTree = BUILT_PRODUCTS_DIR; };
		04E48CF22AB1AB1A007E8B61 /* To_DoTests.swift */ = {isa = PBXFileReference; lastKnownFileType = sourcecode.swift; path = To_DoTests.swift; sourceTree = "<group>"; };
		04E48CF82AB1AB1A007E8B61 /* To DoUITests.xctest */ = {isa = PBXFileReference; explicitFileType = wrapper.cfbundle; includeInIndex = 0; path = "To DoUITests.xctest"; sourceTree = BUILT_PRODUCTS_DIR; };
		04E48CFC2AB1AB1A007E8B61 /* To_DoUITests.swift */ = {isa = PBXFileReference; lastKnownFileType = sourcecode.swift; path = To_DoUITests.swift; sourceTree = "<group>"; };
		04E48CFE2AB1AB1A007E8B61 /* To_DoUITestsLaunchTests.swift */ = {isa = PBXFileReference; lastKnownFileType = sourcecode.swift; path = To_DoUITestsLaunchTests.swift; sourceTree = "<group>"; };
/* End PBXFileReference section */

/* Begin PBXFrameworksBuildPhase section */
		04E48CDA2AB1AB19007E8B61 /* Frameworks */ = {
			isa = PBXFrameworksBuildPhase;
			buildActionMask = 2147483647;
			files = (
			);
			runOnlyForDeploymentPostprocessing = 0;
		};
		04E48CEB2AB1AB1A007E8B61 /* Frameworks */ = {
			isa = PBXFrameworksBuildPhase;
			buildActionMask = 2147483647;
			files = (
			);
			runOnlyForDeploymentPostprocessing = 0;
		};
		04E48CF52AB1AB1A007E8B61 /* Frameworks */ = {
			isa = PBXFrameworksBuildPhase;
			buildActionMask = 2147483647;
			files = (
			);
			runOnlyForDeploymentPostprocessing = 0;
		};
/* End PBXFrameworksBuildPhase section */

/* Begin PBXGroup section */
		04E48CD42AB1AB19007E8B61 = {
			isa = PBXGroup;
			children = (
				04E48CDF2AB1AB19007E8B61 /* To Do */,
				04E48CF12AB1AB1A007E8B61 /* To DoTests */,
				04E48CFB2AB1AB1A007E8B61 /* To DoUITests */,
				04E48CDE2AB1AB19007E8B61 /* Products */,
			);
			sourceTree = "<group>";
		};
		04E48CDE2AB1AB19007E8B61 /* Products */ = {
			isa = PBXGroup;
			children = (
				04E48CDD2AB1AB19007E8B61 /* To Do.app */,
				04E48CEE2AB1AB1A007E8B61 /* To DoTests.xctest */,
				04E48CF82AB1AB1A007E8B61 /* To DoUITests.xctest */,
			);
			name = Products;
			sourceTree = "<group>";
		};
		04E48CDF2AB1AB19007E8B61 /* To Do */ = {
			isa = PBXGroup;
			children = (
				04E48CE02AB1AB19007E8B61 /* To_DoApp.swift */,
				04E48CE22AB1AB19007E8B61 /* ContentView.swift */,
				04E48CE42AB1AB1A007E8B61 /* Assets.xcassets */,
				04E48CE62AB1AB1A007E8B61 /* To_Do.entitlements */,
				04E48CE72AB1AB1A007E8B61 /* Preview Content */,
			);
			path = "To Do";
			sourceTree = "<group>";
		};
		04E48CE72AB1AB1A007E8B61 /* Preview Content */ = {
			isa = PBXGroup;
			children = (
				04E48CE82AB1AB1A007E8B61 /* Preview Assets.xcassets */,
			);
			path = "Preview Content";
			sourceTree = "<group>";
		};
		04E48CF12AB1AB1A007E8B61 /* To DoTests */ = {
			isa = PBXGroup;
			children = (
				04E48CF22AB1AB1A007E8B61 /* To_DoTests.swift */,
			);
			path = "To DoTests";
			sourceTree = "<group>";
		};
		04E48CFB2AB1AB1A007E8B61 /* To DoUITests */ = {
			isa = PBXGroup;
			children = (
				04E48CFC2AB1AB1A007E8B61 /* To_DoUITests.swift */,
				04E48CFE2AB1AB1A007E8B61 /* To_DoUITestsLaunchTests.swift */,
			);
			path = "To DoUITests";
			sourceTree = "<group>";
		};
/* End PBXGroup section */

/* Begin PBXNativeTarget section */
		04E48CDC2AB1AB19007E8B61 /* To Do */ = {
			isa = PBXNativeTarget;
			buildConfigurationList = 04E48D022AB1AB1A007E8B61 /* Build configuration list for PBXNativeTarget "To Do" */;
			buildPhases = (
				04E48CD92AB1AB19007E8B61 /* Sources */,
				04E48CDA2AB1AB19007E8B61 /* Frameworks */,
				04E48CDB2AB1AB19007E8B61 /* Resources */,
			);
			buildRules = (
			);
			dependencies = (
			);
			name = "To Do";
			productName = "To Do";
			productReference = 04E48CDD2AB1AB19007E8B61 /* To Do.app */;
			productType = "com.apple.product-type.application";
		};
		04E48CED2AB1AB1A007E8B61 /* To DoTests */ = {
			isa = PBXNativeTarget;
			buildConfigurationList = 04E48D052AB1AB1A007E8B61 /* Build configuration list for PBXNativeTarget "To DoTests" */;
			buildPhases = (
				04E48CEA2AB1AB1A007E8B61 /* Sources */,
				04E48CEB2AB1AB1A007E8B61 /* Frameworks */,
				04E48CEC2AB1AB1A007E8B61 /* Resources */,
			);
			buildRules = (
			);
			dependencies = (
				04E48CF02AB1AB1A007E8B61 /* PBXTargetDependency */,
			);
			name = "To DoTests";
			productName = "To DoTests";
			productReference = 04E48CEE2AB1AB1A007E8B61 /* To DoTests.xctest */;
			productType = "com.apple.product-type.bundle.unit-test";
		};
		04E48CF72AB1AB1A007E8B61 /* To DoUITests */ = {
			isa = PBXNativeTarget;
			buildConfigurationList = 04E48D082AB1AB1A007E8B61 /* Build configuration list for PBXNativeTarget "To DoUITests" */;
			buildPhases = (
				04E48CF42AB1AB1A007E8B61 /* Sources */,
				04E48CF52AB1AB1A007E8B61 /* Frameworks */,
				04E48CF62AB1AB1A007E8B61 /* Resources */,
			);
			buildRules = (
			);
			dependencies = (
				04E48CFA2AB1AB1A007E8B61 /* PBXTargetDependency */,
			);
			name = "To DoUITests";
			productName = "To DoUITests";
			productReference = 04E48CF82AB1AB1A007E8B61 /* To DoUITests.xctest */;
			productType = "com.apple.product-type.bundle.ui-testing";
		};
/* End PBXNativeTarget section */

/* Begin PBXProject section */
		04E48CD52AB1AB19007E8B61 /* Project object */ = {
			isa = PBXProject;
			attributes = {
				BuildIndependentTargetsInParallel = 1;
				LastSwiftUpdateCheck = 1420;
				LastUpgradeCheck = 1420;
				TargetAttributes = {
					04E48CDC2AB1AB19007E8B61 = {
						CreatedOnToolsVersion = 14.2;
					};
					04E48CED2AB1AB1A007E8B61 = {
						CreatedOnToolsVersion = 14.2;
						TestTargetID = 04E48CDC2AB1AB19007E8B61;
					};
					04E48CF72AB1AB1A007E8B61 = {
						CreatedOnToolsVersion = 14.2;
						TestTargetID = 04E48CDC2AB1AB19007E8B61;
					};
				};
			};
			buildConfigurationList = 04E48CD82AB1AB19007E8B61 /* Build configuration list for PBXProject "To Do" */;
			compatibilityVersion = "Xcode 14.0";
			developmentRegion = en;
			hasScannedForEncodings = 0;
			knownRegions = (
				en,
				Base,
			);
			mainGroup = 04E48CD42AB1AB19007E8B61;
			productRefGroup = 04E48CDE2AB1AB19007E8B61 /* Products */;
			projectDirPath = "";
			projectRoot = "";
			targets = (
				04E48CDC2AB1AB19007E8B61 /* To Do */,
				04E48CED2AB1AB1A007E8B61 /* To DoTests */,
				04E48CF72AB1AB1A007E8B61 /* To DoUITests */,
			);
		};
/* End PBXProject section */

/* Begin PBXResourcesBuildPhase section */
		04E48CDB2AB1AB19007E8B61 /* Resources */ = {
			isa = PBXResourcesBuildPhase;
			buildActionMask = 2147483647;
			files = (
				04E48CE92AB1AB1A007E8B61 /* Preview Assets.xcassets in Resources */,
				04E48CE52AB1AB1A007E8B61 /* Assets.xcassets in Resources */,
			);
			runOnlyForDeploymentPostprocessing = 0;
		};
		04E48CEC2AB1AB1A007E8B61 /* Resources */ = {
			isa = PBXResourcesBuildPhase;
			buildActionMask = 2147483647;
			files = (
			);
			runOnlyForDeploymentPostprocessing = 0;
		};
		04E48CF62AB1AB1A007E8B61 /* Resources */ = {
			isa = PBXResourcesBuildPhase;
			buildActionMask = 2147483647;
			files = (
			);
			runOnlyForDeploymentPostprocessing = 0;
		};
/* End PBXResourcesBuildPhase section */

/* Begin PBXSourcesBuildPhase section */
		04E48CD92AB1AB19007E8B61 /* Sources */ = {
			isa = PBXSourcesBuildPhase;
			buildActionMask = 2147483647;
			files = (
				04E48CE32AB1AB19007E8B61 /* ContentView.swift in Sources */,
				04E48CE12AB1AB19007E8B61 /* To_DoApp.swift in Sources */,
			);
			runOnlyForDeploymentPostprocessing = 0;
		};
		04E48CEA2AB1AB1A007E8B61 /* Sources */ = {
			isa = PBXSourcesBuildPhase;
			buildActionMask = 2147483647;
			files = (
				04E48CF32AB1AB1A007E8B61 /* To_DoTests.swift in Sources */,
			);
			runOnlyForDeploymentPostprocessing = 0;
		};
		04E48CF42AB1AB1A007E8B61 /* Sources */ = {
			isa = PBXSourcesBuildPhase;
			buildActionMask = 2147483647;
			files = (
				04E48CFF2AB1AB1A007E8B61 /* To_DoUITestsLaunchTests.swift in Sources */,
				04E48CFD2AB1AB1A007E8B61 /* To_DoUITests.swift in Sources */,
			);
			runOnlyForDeploymentPostprocessing = 0;
		};
/* End PBXSourcesBuildPhase section */

/* Begin PBXTargetDependency section */
		04E48CF02AB1AB1A007E8B61 /* PBXTargetDependency */ = {
			isa = PBXTargetDependency;
			target = 04E48CDC2AB1AB19007E8B61 /* To Do */;
			targetProxy = 04E48CEF2AB1AB1A007E8B61 /* PBXContainerItemProxy */;
		};
		04E48CFA2AB1AB1A007E8B61 /* PBXTargetDependency */ = {
			isa = PBXTargetDependency;
			target = 04E48CDC2AB1AB19007E8B61 /* To Do */;
			targetProxy = 04E48CF92AB1AB1A007E8B61 /* PBXContainerItemProxy */;
		};
/* End PBXTargetDependency section */

/* Begin XCBuildConfiguration section */
		04E48D002AB1AB1A007E8B61 /* Debug */ = {
			isa = XCBuildConfiguration;
			buildSettings = {
				ALWAYS_SEARCH_USER_PATHS = NO;
				CLANG_ANALYZER_NONNULL = YES;
				CLANG_ANALYZER_NUMBER_OBJECT_CONVERSION = YES_AGGRESSIVE;
				CLANG_CXX_LANGUAGE_STANDARD = "gnu++20";
				CLANG_ENABLE_MODULES = YES;
				CLANG_ENABLE_OBJC_ARC = YES;
				CLANG_ENABLE_OBJC_WEAK = YES;
				CLANG_WARN_BLOCK_CAPTURE_AUTORELEASING = YES;
				CLANG_WARN_BOOL_CONVERSION = YES;
				CLANG_WARN_COMMA = YES;
				CLANG_WARN_CONSTANT_CONVERSION = YES;
				CLANG_WARN_DEPRECATED_OBJC_IMPLEMENTATIONS = YES;
				CLANG_WARN_DIRECT_OBJC_ISA_USAGE = YES_ERROR;
				CLANG_WARN_DOCUMENTATION_COMMENTS = YES;
				CLANG_WARN_EMPTY_BODY = YES;
				CLANG_WARN_ENUM_CONVERSION = YES;
				CLANG_WARN_INFINITE_RECURSION = YES;
				CLANG_WARN_INT_CONVERSION = YES;
				CLANG_WARN_NON_LITERAL_NULL_CONVERSION = YES;
				CLANG_WARN_OBJC_IMPLICIT_RETAIN_SELF = YES;
				CLANG_WARN_OBJC_LITERAL_CONVERSION = YES;
				CLANG_WARN_OBJC_ROOT_CLASS = YES_ERROR;
				CLANG_WARN_QUOTED_INCLUDE_IN_FRAMEWORK_HEADER = YES;
				CLANG_WARN_RANGE_LOOP_ANALYSIS = YES;
				CLANG_WARN_STRICT_PROTOTYPES = YES;
				CLANG_WARN_SUSPICIOUS_MOVE = YES;
				CLANG_WARN_UNGUARDED_AVAILABILITY = YES_AGGRESSIVE;
				CLANG_WARN_UNREACHABLE_CODE = YES;
				CLANG_WARN__DUPLICATE_METHOD_MATCH = YES;
				COPY_PHASE_STRIP = NO;
				DEBUG_INFORMATION_FORMAT = dwarf;
				ENABLE_STRICT_OBJC_MSGSEND = YES;
				ENABLE_TESTABILITY = YES;
				GCC_C_LANGUAGE_STANDARD = gnu11;
				GCC_DYNAMIC_NO_PIC = NO;
				GCC_NO_COMMON_BLOCKS = YES;
				GCC_OPTIMIZATION_LEVEL = 0;
				GCC_PREPROCESSOR_DEFINITIONS = (
					"DEBUG=1",
					"$(inherited)",
				);
				GCC_WARN_64_TO_32_BIT_CONVERSION = YES;
				GCC_WARN_ABOUT_RETURN_TYPE = YES_ERROR;
				GCC_WARN_UNDECLARED_SELECTOR = YES;
				GCC_WARN_UNINITIALIZED_AUTOS = YES_AGGRESSIVE;
				GCC_WARN_UNUSED_FUNCTION = YES;
				GCC_WARN_UNUSED_VARIABLE = YES;
				MTL_ENABLE_DEBUG_INFO = INCLUDE_SOURCE;
				MTL_FAST_MATH = YES;
				ONLY_ACTIVE_ARCH = YES;
				SWIFT_ACTIVE_COMPILATION_CONDITIONS = DEBUG;
				SWIFT_OPTIMIZATION_LEVEL = "-Onone";
			};
			name = Debug;
		};
		04E48D012AB1AB1A007E8B61 /* Release */ = {
			isa = XCBuildConfiguration;
			buildSettings = {
				ALWAYS_SEARCH_USER_PATHS = NO;
				CLANG_ANALYZER_NONNULL = YES;
				CLANG_ANALYZER_NUMBER_OBJECT_CONVERSION = YES_AGGRESSIVE;
				CLANG_CXX_LANGUAGE_STANDARD = "gnu++20";
				CLANG_ENABLE_MODULES = YES;
				CLANG_ENABLE_OBJC_ARC = YES;
				CLANG_ENABLE_OBJC_WEAK = YES;
				CLANG_WARN_BLOCK_CAPTURE_AUTORELEASING = YES;
				CLANG_WARN_BOOL_CONVERSION = YES;
				CLANG_WARN_COMMA = YES;
				CLANG_WARN_CONSTANT_CONVERSION = YES;
				CLANG_WARN_DEPRECATED_OBJC_IMPLEMENTATIONS = YES;
				CLANG_WARN_DIRECT_OBJC_ISA_USAGE = YES_ERROR;
				CLANG_WARN_DOCUMENTATION_COMMENTS = YES;
				CLANG_WARN_EMPTY_BODY = YES;
				CLANG_WARN_ENUM_CONVERSION = YES;
				CLANG_WARN_INFINITE_RECURSION = YES;
				CLANG_WARN_INT_CONVERSION = YES;
				CLANG_WARN_NON_LITERAL_NULL_CONVERSION = YES;
				CLANG_WARN_OBJC_IMPLICIT_RETAIN_SELF = YES;
				CLANG_WARN_OBJC_LITERAL_CONVERSION = YES;
				CLANG_WARN_OBJC_ROOT_CLASS = YES_ERROR;
				CLANG_WARN_QUOTED_INCLUDE_IN_FRAMEWORK_HEADER = YES;
				CLANG_WARN_RANGE_LOOP_ANALYSIS = YES;
				CLANG_WARN_STRICT_PROTOTYPES = YES;
				CLANG_WARN_SUSPICIOUS_MOVE = YES;
				CLANG_WARN_UNGUARDED_AVAILABILITY = YES_AGGRESSIVE;
				CLANG_WARN_UNREACHABLE_CODE = YES;
				CLANG_WARN__DUPLICATE_METHOD_MATCH = YES;
				COPY_PHASE_STRIP = NO;
				DEBUG_INFORMATION_FORMAT = "dwarf-with-dsym";
				ENABLE_NS_ASSERTIONS = NO;
				ENABLE_STRICT_OBJC_MSGSEND = YES;
				GCC_C_LANGUAGE_STANDARD = gnu11;
				GCC_NO_COMMON_BLOCKS = YES;
				GCC_WARN_64_TO_32_BIT_CONVERSION = YES;
				GCC_WARN_ABOUT_RETURN_TYPE = YES_ERROR;
				GCC_WARN_UNDECLARED_SELECTOR = YES;
				GCC_WARN_UNINITIALIZED_AUTOS = YES_AGGRESSIVE;
				GCC_WARN_UNUSED_FUNCTION = YES;
				GCC_WARN_UNUSED_VARIABLE = YES;
				MTL_ENABLE_DEBUG_INFO = NO;
				MTL_FAST_MATH = YES;
				SWIFT_COMPILATION_MODE = wholemodule;
				SWIFT_OPTIMIZATION_LEVEL = "-O";
			};
			name = Release;
		};
		04E48D032AB1AB1A007E8B61 /* Debug */ = {
			isa = XCBuildConfiguration;
			buildSettings = {
				ASSETCATALOG_COMPILER_APPICON_NAME = AppIcon;
				ASSETCATALOG_COMPILER_GLOBAL_ACCENT_COLOR_NAME = AccentColor;
				CODE_SIGN_ENTITLEMENTS = "To Do/To_Do.entitlements";
				CODE_SIGN_STYLE = Automatic;
				CURRENT_PROJECT_VERSION = 1;
				DEVELOPMENT_ASSET_PATHS = "\"To Do/Preview Content\"";
				ENABLE_PREVIEWS = YES;
				GENERATE_INFOPLIST_FILE = YES;
				"INFOPLIST_KEY_UIApplicationSceneManifest_Generation[sdk=iphoneos*]" = YES;
				"INFOPLIST_KEY_UIApplicationSceneManifest_Generation[sdk=iphonesimulator*]" = YES;
				"INFOPLIST_KEY_UIApplicationSupportsIndirectInputEvents[sdk=iphoneos*]" = YES;
				"INFOPLIST_KEY_UIApplicationSupportsIndirectInputEvents[sdk=iphonesimulator*]" = YES;
				"INFOPLIST_KEY_UILaunchScreen_Generation[sdk=iphoneos*]" = YES;
				"INFOPLIST_KEY_UILaunchScreen_Generation[sdk=iphonesimulator*]" = YES;
				"INFOPLIST_KEY_UIStatusBarStyle[sdk=iphoneos*]" = UIStatusBarStyleDefault;
				"INFOPLIST_KEY_UIStatusBarStyle[sdk=iphonesimulator*]" = UIStatusBarStyleDefault;
				INFOPLIST_KEY_UISupportedInterfaceOrientations_iPad = "UIInterfaceOrientationPortrait UIInterfaceOrientationPortraitUpsideDown UIInterfaceOrientationLandscapeLeft UIInterfaceOrientationLandscapeRight";
				INFOPLIST_KEY_UISupportedInterfaceOrientations_iPhone = "UIInterfaceOrientationPortrait UIInterfaceOrientationLandscapeLeft UIInterfaceOrientationLandscapeRight";
				IPHONEOS_DEPLOYMENT_TARGET = 16.2;
				LD_RUNPATH_SEARCH_PATHS = "@executable_path/Frameworks";
				"LD_RUNPATH_SEARCH_PATHS[sdk=macosx*]" = "@executable_path/../Frameworks";
				MACOSX_DEPLOYMENT_TARGET = 12.5;
				MARKETING_VERSION = 1.0;
				PRODUCT_BUNDLE_IDENTIFIER = "tutor.To-Do";
				PRODUCT_NAME = "$(TARGET_NAME)";
				SDKROOT = auto;
				SUPPORTED_PLATFORMS = "iphoneos iphonesimulator macosx";
				SWIFT_EMIT_LOC_STRINGS = YES;
				SWIFT_VERSION = 5.0;
				TARGETED_DEVICE_FAMILY = "1,2";
			};
			name = Debug;
		};
		04E48D042AB1AB1A007E8B61 /* Release */ = {
			isa = XCBuildConfiguration;
			buildSettings = {
				ASSETCATALOG_COMPILER_APPICON_NAME = AppIcon;
				ASSETCATALOG_COMPILER_GLOBAL_ACCENT_COLOR_NAME = AccentColor;
				CODE_SIGN_ENTITLEMENTS = "To Do/To_Do.entitlements";
				CODE_SIGN_STYLE = Automatic;
				CURRENT_PROJECT_VERSION = 1;
				DEVELOPMENT_ASSET_PATHS = "\"To Do/Preview Content\"";
				ENABLE_PREVIEWS = YES;
				GENERATE_INFOPLIST_FILE = YES;
				"INFOPLIST_KEY_UIApplicationSceneManifest_Generation[sdk=iphoneos*]" = YES;
				"INFOPLIST_KEY_UIApplicationSceneManifest_Generation[sdk=iphonesimulator*]" = YES;
				"INFOPLIST_KEY_UIApplicationSupportsIndirectInputEvents[sdk=iphoneos*]" = YES;
				"INFOPLIST_KEY_UIApplicationSupportsIndirectInputEvents[sdk=iphonesimulator*]" = YES;
				"INFOPLIST_KEY_UILaunchScreen_Generation[sdk=iphoneos*]" = YES;
				"INFOPLIST_KEY_UILaunchScreen_Generation[sdk=iphonesimulator*]" = YES;
				"INFOPLIST_KEY_UIStatusBarStyle[sdk=iphoneos*]" = UIStatusBarStyleDefault;
				"INFOPLIST_KEY_UIStatusBarStyle[sdk=iphonesimulator*]" = UIStatusBarStyleDefault;
				INFOPLIST_KEY_UISupportedInterfaceOrientations_iPad = "UIInterfaceOrientationPortrait UIInterfaceOrientationPortraitUpsideDown UIInterfaceOrientationLandscapeLeft UIInterfaceOrientationLandscapeRight";
				INFOPLIST_KEY_UISupportedInterfaceOrientations_iPhone = "UIInterfaceOrientationPortrait UIInterfaceOrientationLandscapeLeft UIInterfaceOrientationLandscapeRight";
				IPHONEOS_DEPLOYMENT_TARGET = 16.2;
				LD_RUNPATH_SEARCH_PATHS = "@executable_path/Frameworks";
				"LD_RUNPATH_SEARCH_PATHS[sdk=macosx*]" = "@executable_path/../Frameworks";
				MACOSX_DEPLOYMENT_TARGET = 12.5;
				MARKETING_VERSION = 1.0;
				PRODUCT_BUNDLE_IDENTIFIER = "tutor.To-Do";
				PRODUCT_NAME = "$(TARGET_NAME)";
				SDKROOT = auto;
				SUPPORTED_PLATFORMS = "iphoneos iphonesimulator macosx";
				SWIFT_EMIT_LOC_STRINGS = YES;
				SWIFT_VERSION = 5.0;
				TARGETED_DEVICE_FAMILY = "1,2";
			};
			name = Release;
		};
		04E48D062AB1AB1A007E8B61 /* Debug */ = {
			isa = XCBuildConfiguration;
			buildSettings = {
				ALWAYS_EMBED_SWIFT_STANDARD_LIBRARIES = YES;
				BUNDLE_LOADER = "$(TEST_HOST)";
				CODE_SIGN_STYLE = Automatic;
				CURRENT_PROJECT_VERSION = 1;
				GENERATE_INFOPLIST_FILE = YES;
				IPHONEOS_DEPLOYMENT_TARGET = 16.2;
				MACOSX_DEPLOYMENT_TARGET = 12.5;
				MARKETING_VERSION = 1.0;
				PRODUCT_BUNDLE_IDENTIFIER = "tutor.To-DoTests";
				PRODUCT_NAME = "$(TARGET_NAME)";
				SDKROOT = auto;
				SUPPORTED_PLATFORMS = "iphoneos iphonesimulator macosx";
				SWIFT_EMIT_LOC_STRINGS = NO;
				SWIFT_VERSION = 5.0;
				TARGETED_DEVICE_FAMILY = "1,2";
				TEST_HOST = "$(BUILT_PRODUCTS_DIR)/To Do.app/$(BUNDLE_EXECUTABLE_FOLDER_PATH)/To Do";
			};
			name = Debug;
		};
		04E48D072AB1AB1A007E8B61 /* Release */ = {
			isa = XCBuildConfiguration;
			buildSettings = {
				ALWAYS_EMBED_SWIFT_STANDARD_LIBRARIES = YES;
				BUNDLE_LOADER = "$(TEST_HOST)";
				CODE_SIGN_STYLE = Automatic;
				CURRENT_PROJECT_VERSION = 1;
				GENERATE_INFOPLIST_FILE = YES;
				IPHONEOS_DEPLOYMENT_TARGET = 16.2;
				MACOSX_DEPLOYMENT_TARGET = 12.5;
				MARKETING_VERSION = 1.0;
				PRODUCT_BUNDLE_IDENTIFIER = "tutor.To-DoTests";
				PRODUCT_NAME = "$(TARGET_NAME)";
				SDKROOT = auto;
				SUPPORTED_PLATFORMS = "iphoneos iphonesimulator macosx";
				SWIFT_EMIT_LOC_STRINGS = NO;
				SWIFT_VERSION = 5.0;
				TARGETED_DEVICE_FAMILY = "1,2";
				TEST_HOST = "$(BUILT_PRODUCTS_DIR)/To Do.app/$(BUNDLE_EXECUTABLE_FOLDER_PATH)/To Do";
			};
			name = Release;
		};
		04E48D092AB1AB1A007E8B61 /* Debug */ = {
			isa = XCBuildConfiguration;
			buildSettings = {
				ALWAYS_EMBED_SWIFT_STANDARD_LIBRARIES = YES;
				CODE_SIGN_STYLE = Automatic;
				CURRENT_PROJECT_VERSION = 1;
				GENERATE_INFOPLIST_FILE = YES;
				IPHONEOS_DEPLOYMENT_TARGET = 16.2;
				MACOSX_DEPLOYMENT_TARGET = 12.5;
				MARKETING_VERSION = 1.0;
				PRODUCT_BUNDLE_IDENTIFIER = "tutor.To-DoUITests";
				PRODUCT_NAME = "$(TARGET_NAME)";
				SDKROOT = auto;
				SUPPORTED_PLATFORMS = "iphoneos iphonesimulator macosx";
				SWIFT_EMIT_LOC_STRINGS = NO;
				SWIFT_VERSION = 5.0;
				TARGETED_DEVICE_FAMILY = "1,2";
				TEST_TARGET_NAME = "To Do";
			};
			name = Debug;
		};
		04E48D0A2AB1AB1A007E8B61 /* Release */ = {
			isa = XCBuildConfiguration;
			buildSettings = {
				ALWAYS_EMBED_SWIFT_STANDARD_LIBRARIES = YES;
				CODE_SIGN_STYLE = Automatic;
				CURRENT_PROJECT_VERSION = 1;
				GENERATE_INFOPLIST_FILE = YES;
				IPHONEOS_DEPLOYMENT_TARGET = 16.2;
				MACOSX_DEPLOYMENT_TARGET = 12.5;
				MARKETING_VERSION = 1.0;
				PRODUCT_BUNDLE_IDENTIFIER = "tutor.To-DoUITests";
				PRODUCT_NAME = "$(TARGET_NAME)";
				SDKROOT = auto;
				SUPPORTED_PLATFORMS = "iphoneos iphonesimulator macosx";
				SWIFT_EMIT_LOC_STRINGS = NO;
				SWIFT_VERSION = 5.0;
				TARGETED_DEVICE_FAMILY = "1,2";
				TEST_TARGET_NAME = "To Do";
			};
			name = Release;
		};
/* End XCBuildConfiguration section */

/* Begin XCConfigurationList section */
		04E48CD82AB1AB19007E8B61 /* Build configuration list for PBXProject "To Do" */ = {
			isa = XCConfigurationList;
			buildConfigurations = (
				04E48D002AB1AB1A007E8B61 /* Debug */,
				04E48D012AB1AB1A007E8B61 /* Release */,
			);
			defaultConfigurationIsVisible = 0;
			defaultConfigurationName = Release;
		};
		04E48D022AB1AB1A007E8B61 /* Build configuration list for PBXNativeTarget "To Do" */ = {
			isa = XCConfigurationList;
			buildConfigurations = (
				04E48D032AB1AB1A007E8B61 /* Debug */,
				04E48D042AB1AB1A007E8B61 /* Release */,
			);
			defaultConfigurationIsVisible = 0;
			defaultConfigurationName = Release;
		};
		04E48D052AB1AB1A007E8B61 /* Build configuration list for PBXNativeTarget "To DoTests" */ = {
			isa = XCConfigurationList;
			buildConfigurations = (
				04E48D062AB1AB1A007E8B61 /* Debug */,
				04E48D072AB1AB1A007E8B61 /* Release */,
			);
			defaultConfigurationIsVisible = 0;
			defaultConfigurationName = Release;
		};
		04E48D082AB1AB1A007E8B61 /* Build configuration list for PBXNativeTarget "To DoUITests" */ = {
			isa = XCConfigurationList;
			buildConfigurations = (
				04E48D092AB1AB1A007E8B61 /* Debug */,
				04E48D0A2AB1AB1A007E8B61 /* Release */,
			);
			defaultConfigurationIsVisible = 0;
			defaultConfigurationName = Release;
		};
/* End XCConfigurationList section */
	};
	rootObject = 04E48CD52AB1AB19007E8B61 /* Project object */;
}
